Microsoft Visual Studio Solution File, Format Version 8.00
Project("{FAE04EC0-301F-11D3-BF4B-00C04F79EFBC}") = "NxBRE", "NxBRE.csproj", "{C516EA82-4DF4-48A8-A304-B18159CD00C3}"
	ProjectSection(ProjectDependencies) = postProject
	EndProjectSection
EndProject
Global
	GlobalSection(SolutionConfiguration) = preSolution
		Debug = Debug
		Release = Release
	EndGlobalSection
	GlobalSection(ProjectConfiguration) = postSolution
		{C516EA82-4DF4-48A8-A304-B18159CD00C3}.Debug.ActiveCfg = Debug|.NET
		{C516EA82-4DF4-48A8-A304-B18159CD00C3}.Debug.Build.0 = Debug|.NET
		{C516EA82-4DF4-48A8-A304-B18159CD00C3}.Release.ActiveCfg = Release|.NET
		{C516EA82-4DF4-48A8-A304-B18159CD00C3}.Release.Build.0 = Release|.NET
	EndGlobalSection
	GlobalSection(ExtensibilityGlobals) = postSolution
	EndGlobalSection
	GlobalSection(ExtensibilityAddIns) = postSolution
	EndGlobalSection
EndGlobal
