
Microsoft Visual Studio Solution File, Format Version 9.00
# Visual Studio 2005
# SharpDevelop 2.1.0.2429
Project("{FAE04EC0-301F-11D3-BF4B-00C04F79EFBC}") = "NxDSL", "NxDSL.csproj", "{B6E2AE38-D00C-46D1-8374-9D7A001A3204}"
EndProject
Global
	GlobalSection(SolutionConfigurationPlatforms) = preSolution
		Debug|Any CPU = Debug|Any CPU
		Release|Any CPU = Release|Any CPU
	EndGlobalSection
	GlobalSection(ProjectConfigurationPlatforms) = postSolution
		{B6E2AE38-D00C-46D1-8374-9D7A001A3204}.Debug|Any CPU.Build.0 = Debug|Any CPU
		{B6E2AE38-D00C-46D1-8374-9D7A001A3204}.Debug|Any CPU.ActiveCfg = Debug|Any CPU
		{B6E2AE38-D00C-46D1-8374-9D7A001A3204}.Release|Any CPU.Build.0 = Release|Any CPU
		{B6E2AE38-D00C-46D1-8374-9D7A001A3204}.Release|Any CPU.ActiveCfg = Release|Any CPU
	EndGlobalSection
EndGlobal
